
Microsoft Visual Studio Solution File, Format Version 12.00
# Visual Studio Version 17
VisualStudioVersion = 17.5.33424.131
MinimumVisualStudioVersion = 10.0.40219.1
Project("{2150E333-8FDC-42A3-9474-1A3956D46DE8}") = "Platforms", "Platforms", "{E446BC0E-21F5-46DB-91BF-D71F8BB98953}"
EndProject
Project("{FAE04EC0-301F-11D3-BF4B-00C04F79EFBC}") = "Uno.App", "Uno.App\Uno.App\Uno.App.csproj", "{76179E71-2D1C-498F-A6E8-20F26B08D407}"
EndProject
Project("{FAE04EC0-301F-11D3-BF4B-00C04F79EFBC}") = "Uno.App.Wasm", "Uno.App\Uno.App.Wasm\Uno.App.Wasm.csproj", "{3654E20A-F64F-4CAC-821B-A93F7FC49EBE}"
EndProject
Project("{FAE04EC0-301F-11D3-BF4B-00C04F79EFBC}") = "Uno.App.Mobile", "Uno.App\Uno.App.Mobile\Uno.App.Mobile.csproj", "{BF3EBCD1-EAC7-4290-BC3F-4BDEC58F0E1F}"
EndProject
Project("{FAE04EC0-301F-11D3-BF4B-00C04F79EFBC}") = "Uno.App.Skia.Gtk", "Uno.App\Uno.App.Skia.Gtk\Uno.App.Skia.Gtk.csproj", "{52D94080-2B22-453F-9D71-A6AF61DF78FE}"
EndProject
Project("{FAE04EC0-301F-11D3-BF4B-00C04F79EFBC}") = "Uno.App.Windows", "Uno.App\Uno.App.Windows\Uno.App.Windows.csproj", "{B99D5E2B-536A-4D0E-934B-1A6E3FC00809}"
EndProject
Global
	GlobalSection(SolutionConfigurationPlatforms) = preSolution
		Debug|Any CPU = Debug|Any CPU
		Debug|arm64 = Debug|arm64
		Debug|x64 = Debug|x64
		Debug|x86 = Debug|x86
		Release|Any CPU = Release|Any CPU
		Release|arm64 = Release|arm64
		Release|x64 = Release|x64
		Release|x86 = Release|x86
	EndGlobalSection
	GlobalSection(ProjectConfigurationPlatforms) = postSolution
		{76179E71-2D1C-498F-A6E8-20F26B08D407}.Debug|Any CPU.ActiveCfg = Debug|Any CPU
		{76179E71-2D1C-498F-A6E8-20F26B08D407}.Debug|Any CPU.Build.0 = Debug|Any CPU
		{76179E71-2D1C-498F-A6E8-20F26B08D407}.Debug|arm64.ActiveCfg = Debug|Any CPU
		{76179E71-2D1C-498F-A6E8-20F26B08D407}.Debug|arm64.Build.0 = Debug|Any CPU
		{76179E71-2D1C-498F-A6E8-20F26B08D407}.Debug|x64.ActiveCfg = Debug|Any CPU
		{76179E71-2D1C-498F-A6E8-20F26B08D407}.Debug|x64.Build.0 = Debug|Any CPU
		{76179E71-2D1C-498F-A6E8-20F26B08D407}.Debug|x86.ActiveCfg = Debug|Any CPU
		{76179E71-2D1C-498F-A6E8-20F26B08D407}.Debug|x86.Build.0 = Debug|Any CPU
		{76179E71-2D1C-498F-A6E8-20F26B08D407}.Release|Any CPU.ActiveCfg = Release|Any CPU
		{76179E71-2D1C-498F-A6E8-20F26B08D407}.Release|Any CPU.Build.0 = Release|Any CPU
		{76179E71-2D1C-498F-A6E8-20F26B08D407}.Release|arm64.ActiveCfg = Release|Any CPU
		{76179E71-2D1C-498F-A6E8-20F26B08D407}.Release|arm64.Build.0 = Release|Any CPU
		{76179E71-2D1C-498F-A6E8-20F26B08D407}.Release|x64.ActiveCfg = Release|Any CPU
		{76179E71-2D1C-498F-A6E8-20F26B08D407}.Release|x64.Build.0 = Release|Any CPU
		{76179E71-2D1C-498F-A6E8-20F26B08D407}.Release|x86.ActiveCfg = Release|Any CPU
		{76179E71-2D1C-498F-A6E8-20F26B08D407}.Release|x86.Build.0 = Release|Any CPU
		{3654E20A-F64F-4CAC-821B-A93F7FC49EBE}.Debug|Any CPU.ActiveCfg = Debug|Any CPU
		{3654E20A-F64F-4CAC-821B-A93F7FC49EBE}.Debug|Any CPU.Build.0 = Debug|Any CPU
		{3654E20A-F64F-4CAC-821B-A93F7FC49EBE}.Debug|arm64.ActiveCfg = Debug|Any CPU
		{3654E20A-F64F-4CAC-821B-A93F7FC49EBE}.Debug|arm64.Build.0 = Debug|Any CPU
		{3654E20A-F64F-4CAC-821B-A93F7FC49EBE}.Debug|x64.ActiveCfg = Debug|Any CPU
		{3654E20A-F64F-4CAC-821B-A93F7FC49EBE}.Debug|x64.Build.0 = Debug|Any CPU
		{3654E20A-F64F-4CAC-821B-A93F7FC49EBE}.Debug|x86.ActiveCfg = Debug|Any CPU
		{3654E20A-F64F-4CAC-821B-A93F7FC49EBE}.Debug|x86.Build.0 = Debug|Any CPU
		{3654E20A-F64F-4CAC-821B-A93F7FC49EBE}.Release|Any CPU.ActiveCfg = Release|Any CPU
		{3654E20A-F64F-4CAC-821B-A93F7FC49EBE}.Release|Any CPU.Build.0 = Release|Any CPU
		{3654E20A-F64F-4CAC-821B-A93F7FC49EBE}.Release|arm64.ActiveCfg = Release|Any CPU
		{3654E20A-F64F-4CAC-821B-A93F7FC49EBE}.Release|arm64.Build.0 = Release|Any CPU
		{3654E20A-F64F-4CAC-821B-A93F7FC49EBE}.Release|x64.ActiveCfg = Release|Any CPU
		{3654E20A-F64F-4CAC-821B-A93F7FC49EBE}.Release|x64.Build.0 = Release|Any CPU
		{3654E20A-F64F-4CAC-821B-A93F7FC49EBE}.Release|x86.ActiveCfg = Release|Any CPU
		{3654E20A-F64F-4CAC-821B-A93F7FC49EBE}.Release|x86.Build.0 = Release|Any CPU
		{BF3EBCD1-EAC7-4290-BC3F-4BDEC58F0E1F}.Debug|Any CPU.ActiveCfg = Debug|Any CPU
		{BF3EBCD1-EAC7-4290-BC3F-4BDEC58F0E1F}.Debug|Any CPU.Build.0 = Debug|Any CPU
		{BF3EBCD1-EAC7-4290-BC3F-4BDEC58F0E1F}.Debug|Any CPU.Deploy.0 = Debug|Any CPU
		{BF3EBCD1-EAC7-4290-BC3F-4BDEC58F0E1F}.Debug|arm64.ActiveCfg = Debug|Any CPU
		{BF3EBCD1-EAC7-4290-BC3F-4BDEC58F0E1F}.Debug|arm64.Build.0 = Debug|Any CPU
		{BF3EBCD1-EAC7-4290-BC3F-4BDEC58F0E1F}.Debug|arm64.Deploy.0 = Debug|Any CPU
		{BF3EBCD1-EAC7-4290-BC3F-4BDEC58F0E1F}.Debug|x64.ActiveCfg = Debug|Any CPU
		{BF3EBCD1-EAC7-4290-BC3F-4BDEC58F0E1F}.Debug|x64.Build.0 = Debug|Any CPU
		{BF3EBCD1-EAC7-4290-BC3F-4BDEC58F0E1F}.Debug|x64.Deploy.0 = Debug|Any CPU
		{BF3EBCD1-EAC7-4290-BC3F-4BDEC58F0E1F}.Debug|x86.ActiveCfg = Debug|Any CPU
		{BF3EBCD1-EAC7-4290-BC3F-4BDEC58F0E1F}.Debug|x86.Build.0 = Debug|Any CPU
		{BF3EBCD1-EAC7-4290-BC3F-4BDEC58F0E1F}.Debug|x86.Deploy.0 = Debug|Any CPU
		{BF3EBCD1-EAC7-4290-BC3F-4BDEC58F0E1F}.Release|Any CPU.ActiveCfg = Release|Any CPU
		{BF3EBCD1-EAC7-4290-BC3F-4BDEC58F0E1F}.Release|Any CPU.Build.0 = Release|Any CPU
		{BF3EBCD1-EAC7-4290-BC3F-4BDEC58F0E1F}.Release|Any CPU.Deploy.0 = Release|Any CPU
		{BF3EBCD1-EAC7-4290-BC3F-4BDEC58F0E1F}.Release|arm64.ActiveCfg = Release|Any CPU
		{BF3EBCD1-EAC7-4290-BC3F-4BDEC58F0E1F}.Release|arm64.Build.0 = Release|Any CPU
		{BF3EBCD1-EAC7-4290-BC3F-4BDEC58F0E1F}.Release|arm64.Deploy.0 = Release|Any CPU
		{BF3EBCD1-EAC7-4290-BC3F-4BDEC58F0E1F}.Release|x64.ActiveCfg = Release|Any CPU
		{BF3EBCD1-EAC7-4290-BC3F-4BDEC58F0E1F}.Release|x64.Build.0 = Release|Any CPU
		{BF3EBCD1-EAC7-4290-BC3F-4BDEC58F0E1F}.Release|x64.Deploy.0 = Release|Any CPU
		{BF3EBCD1-EAC7-4290-BC3F-4BDEC58F0E1F}.Release|x86.ActiveCfg = Release|Any CPU
		{BF3EBCD1-EAC7-4290-BC3F-4BDEC58F0E1F}.Release|x86.Build.0 = Release|Any CPU
		{BF3EBCD1-EAC7-4290-BC3F-4BDEC58F0E1F}.Release|x86.Deploy.0 = Release|Any CPU
		{52D94080-2B22-453F-9D71-A6AF61DF78FE}.Debug|Any CPU.ActiveCfg = Debug|Any CPU
		{52D94080-2B22-453F-9D71-A6AF61DF78FE}.Debug|Any CPU.Build.0 = Debug|Any CPU
		{52D94080-2B22-453F-9D71-A6AF61DF78FE}.Debug|arm64.ActiveCfg = Debug|Any CPU
		{52D94080-2B22-453F-9D71-A6AF61DF78FE}.Debug|arm64.Build.0 = Debug|Any CPU
		{52D94080-2B22-453F-9D71-A6AF61DF78FE}.Debug|x64.ActiveCfg = Debug|Any CPU
		{52D94080-2B22-453F-9D71-A6AF61DF78FE}.Debug|x64.Build.0 = Debug|Any CPU
		{52D94080-2B22-453F-9D71-A6AF61DF78FE}.Debug|x86.ActiveCfg = Debug|Any CPU
		{52D94080-2B22-453F-9D71-A6AF61DF78FE}.Debug|x86.Build.0 = Debug|Any CPU
		{52D94080-2B22-453F-9D71-A6AF61DF78FE}.Release|Any CPU.ActiveCfg = Release|Any CPU
		{52D94080-2B22-453F-9D71-A6AF61DF78FE}.Release|Any CPU.Build.0 = Release|Any CPU
		{52D94080-2B22-453F-9D71-A6AF61DF78FE}.Release|arm64.ActiveCfg = Release|Any CPU
		{52D94080-2B22-453F-9D71-A6AF61DF78FE}.Release|arm64.Build.0 = Release|Any CPU
		{52D94080-2B22-453F-9D71-A6AF61DF78FE}.Release|x64.ActiveCfg = Release|Any CPU
		{52D94080-2B22-453F-9D71-A6AF61DF78FE}.Release|x64.Build.0 = Release|Any CPU
		{52D94080-2B22-453F-9D71-A6AF61DF78FE}.Release|x86.ActiveCfg = Release|Any CPU
		{52D94080-2B22-453F-9D71-A6AF61DF78FE}.Release|x86.Build.0 = Release|Any CPU
		{B99D5E2B-536A-4D0E-934B-1A6E3FC00809}.Debug|Any CPU.ActiveCfg = Debug|x64
		{B99D5E2B-536A-4D0E-934B-1A6E3FC00809}.Debug|Any CPU.Build.0 = Debug|x64
		{B99D5E2B-536A-4D0E-934B-1A6E3FC00809}.Debug|Any CPU.Deploy.0 = Debug|x64
		{B99D5E2B-536A-4D0E-934B-1A6E3FC00809}.Debug|arm64.ActiveCfg = Debug|arm64
		{B99D5E2B-536A-4D0E-934B-1A6E3FC00809}.Debug|arm64.Build.0 = Debug|arm64
		{B99D5E2B-536A-4D0E-934B-1A6E3FC00809}.Debug|arm64.Deploy.0 = Debug|arm64
		{B99D5E2B-536A-4D0E-934B-1A6E3FC00809}.Debug|x64.ActiveCfg = Debug|x64
		{B99D5E2B-536A-4D0E-934B-1A6E3FC00809}.Debug|x64.Build.0 = Debug|x64
		{B99D5E2B-536A-4D0E-934B-1A6E3FC00809}.Debug|x64.Deploy.0 = Debug|x64
		{B99D5E2B-536A-4D0E-934B-1A6E3FC00809}.Debug|x86.ActiveCfg = Debug|x86
		{B99D5E2B-536A-4D0E-934B-1A6E3FC00809}.Debug|x86.Build.0 = Debug|x86
		{B99D5E2B-536A-4D0E-934B-1A6E3FC00809}.Debug|x86.Deploy.0 = Debug|x86
		{B99D5E2B-536A-4D0E-934B-1A6E3FC00809}.Release|Any CPU.ActiveCfg = Release|x64
		{B99D5E2B-536A-4D0E-934B-1A6E3FC00809}.Release|Any CPU.Build.0 = Release|x64
		{B99D5E2B-536A-4D0E-934B-1A6E3FC00809}.Release|Any CPU.Deploy.0 = Release|x64
		{B99D5E2B-536A-4D0E-934B-1A6E3FC00809}.Release|arm64.ActiveCfg = Release|arm64
		{B99D5E2B-536A-4D0E-934B-1A6E3FC00809}.Release|arm64.Build.0 = Release|arm64
		{B99D5E2B-536A-4D0E-934B-1A6E3FC00809}.Release|arm64.Deploy.0 = Release|arm64
		{B99D5E2B-536A-4D0E-934B-1A6E3FC00809}.Release|x64.ActiveCfg = Release|x64
		{B99D5E2B-536A-4D0E-934B-1A6E3FC00809}.Release|x64.Build.0 = Release|x64
		{B99D5E2B-536A-4D0E-934B-1A6E3FC00809}.Release|x64.Deploy.0 = Release|x64
		{B99D5E2B-536A-4D0E-934B-1A6E3FC00809}.Release|x86.ActiveCfg = Release|x86
		{B99D5E2B-536A-4D0E-934B-1A6E3FC00809}.Release|x86.Build.0 = Release|x86
		{B99D5E2B-536A-4D0E-934B-1A6E3FC00809}.Release|x86.Deploy.0 = Release|x86
	EndGlobalSection
	GlobalSection(SolutionProperties) = preSolution
		HideSolutionNode = FALSE
	EndGlobalSection
	GlobalSection(NestedProjects) = preSolution
		{3654E20A-F64F-4CAC-821B-A93F7FC49EBE} = {E446BC0E-21F5-46DB-91BF-D71F8BB98953}
		{BF3EBCD1-EAC7-4290-BC3F-4BDEC58F0E1F} = {E446BC0E-21F5-46DB-91BF-D71F8BB98953}
		{52D94080-2B22-453F-9D71-A6AF61DF78FE} = {E446BC0E-21F5-46DB-91BF-D71F8BB98953}
		{B99D5E2B-536A-4D0E-934B-1A6E3FC00809} = {E446BC0E-21F5-46DB-91BF-D71F8BB98953}
	EndGlobalSection
	GlobalSection(ExtensibilityGlobals) = postSolution
		SolutionGuid = {8E6F9FE4-E182-4A4E-8174-A16A2DDF118B}
	EndGlobalSection
EndGlobal
